
Microsoft Visual Studio Solution File, Format Version 12.00
# Visual Studio Version 16
VisualStudioVersion = 25.0.1703.0
MinimumVisualStudioVersion = 10.0.40219.1
Project("{FAE04EC0-301F-11D3-BF4B-00C04F79EFBC}") = "A2", "A2.csproj", "{D615CFBA-940B-4099-AFB3-D3F2B25042DA}"
EndProject
Global
	GlobalSection(SolutionConfigurationPlatforms) = preSolution
		Debug|Any CPU = Debug|Any CPU
		Release|Any CPU = Release|Any CPU
	EndGlobalSection
	GlobalSection(ProjectConfigurationPlatforms) = postSolution
		{D615CFBA-940B-4099-AFB3-D3F2B25042DA}.Debug|Any CPU.ActiveCfg = Debug|Any CPU
		{D615CFBA-940B-4099-AFB3-D3F2B25042DA}.Debug|Any CPU.Build.0 = Debug|Any CPU
		{D615CFBA-940B-4099-AFB3-D3F2B25042DA}.Release|Any CPU.ActiveCfg = Release|Any CPU
		{D615CFBA-940B-4099-AFB3-D3F2B25042DA}.Release|Any CPU.Build.0 = Release|Any CPU
	EndGlobalSection
	GlobalSection(SolutionProperties) = preSolution
		HideSolutionNode = FALSE
	EndGlobalSection
	GlobalSection(ExtensibilityGlobals) = postSolution
		SolutionGuid = {01B49C69-862C-4CEE-AF61-B533E93E36AB}
	EndGlobalSection
EndGlobal
